Microsoft Visual Studio Solution File, Format Version 12.00
# Visual Studio Version 17
VisualStudioVersion = 17.5.2.0
MinimumVisualStudioVersion = 10.0.40219.1
Project("{FAE04EC0-301F-11D3-BF4B-00C04F79EFBC}") = "ASP.NET_IoT", "ASP.NET_IoT.csproj", "{BE528E9B-ADFE-5E8A-C1D6-ED7864BB3C8A}"
EndProject
Global
	GlobalSection(SolutionConfigurationPlatforms) = preSolution
		Debug|Any CPU = Debug|Any CPU
		Release|Any CPU = Release|Any CPU
	EndGlobalSection
	GlobalSection(ProjectConfigurationPlatforms) = postSolution
		{BE528E9B-ADFE-5E8A-C1D6-ED7864BB3C8A}.Debug|Any CPU.ActiveCfg = Debug|Any CPU
		{BE528E9B-ADFE-5E8A-C1D6-ED7864BB3C8A}.Debug|Any CPU.Build.0 = Debug|Any CPU
		{BE528E9B-ADFE-5E8A-C1D6-ED7864BB3C8A}.Release|Any CPU.ActiveCfg = Release|Any CPU
		{BE528E9B-ADFE-5E8A-C1D6-ED7864BB3C8A}.Release|Any CPU.Build.0 = Release|Any CPU
	EndGlobalSection
	GlobalSection(SolutionProperties) = preSolution
		HideSolutionNode = FALSE
	EndGlobalSection
	GlobalSection(ExtensibilityGlobals) = postSolution
		SolutionGuid = {D9DED4E1-F433-43AF-9C55-40E719003940}
	EndGlobalSection
EndGlobal
